
Microsoft Visual Studio Solution File, Format Version 12.00
# Visual Studio 15
VisualStudioVersion = 15.0.28307.1062
MinimumVisualStudioVersion = 10.0.40219.1
Project("{FAE04EC0-301F-11D3-BF4B-00C04F79EFBC}") = "GymBackOffice", "GymBackOffice\GymBackOffice.csproj", "{93EDF606-E238-490E-B27C-EB78CC86B6DF}"
EndProject
Project("{E24C65DC-7377-472B-9ABA-BC803B73C61A}") = "GymFrontOffice", "GymFrontOffice\", "{0854E064-C0F8-4325-902D-158023AC3020}"
	ProjectSection(WebsiteProperties) = preProject
		TargetFrameworkMoniker = ".NETFramework,Version%3Dv4.5"
		ProjectReferences = "{c9783756-8457-49e4-aba4-9b67ade13be7}|GymClasses.dll;"
		Debug.AspNetCompiler.VirtualPath = "/localhost_50536"
		Debug.AspNetCompiler.PhysicalPath = "GymFrontOffice\"
		Debug.AspNetCompiler.TargetPath = "PrecompiledWeb\localhost_50536\"
		Debug.AspNetCompiler.Updateable = "true"
		Debug.AspNetCompiler.ForceOverwrite = "true"
		Debug.AspNetCompiler.FixedNames = "false"
		Debug.AspNetCompiler.Debug = "True"
		Release.AspNetCompiler.VirtualPath = "/localhost_50536"
		Release.AspNetCompiler.PhysicalPath = "GymFrontOffice\"
		Release.AspNetCompiler.TargetPath = "PrecompiledWeb\localhost_50536\"
		Release.AspNetCompiler.Updateable = "true"
		Release.AspNetCompiler.ForceOverwrite = "true"
		Release.AspNetCompiler.FixedNames = "false"
		Release.AspNetCompiler.Debug = "False"
		VWDPort = "50536"
		SlnRelativePath = "GymFrontOffice\"
		DefaultWebSiteLanguage = "Visual C#"
	EndProjectSection
EndProject
Project("{FAE04EC0-301F-11D3-BF4B-00C04F79EFBC}") = "GymClasses", "GymClasses\GymClasses.csproj", "{C9783756-8457-49E4-ABA4-9B67ADE13BE7}"
EndProject
Project("{FAE04EC0-301F-11D3-BF4B-00C04F79EFBC}") = "GymTesting", "GymTesting\GymTesting.csproj", "{2F745A8F-F1C0-4573-8D38-0A02F7F62A58}"
EndProject
Global
	GlobalSection(SolutionConfigurationPlatforms) = preSolution
		Debug|Any CPU = Debug|Any CPU
		Release|Any CPU = Release|Any CPU
	EndGlobalSection
	GlobalSection(ProjectConfigurationPlatforms) = postSolution
		{93EDF606-E238-490E-B27C-EB78CC86B6DF}.Debug|Any CPU.ActiveCfg = Debug|Any CPU
		{93EDF606-E238-490E-B27C-EB78CC86B6DF}.Debug|Any CPU.Build.0 = Debug|Any CPU
		{93EDF606-E238-490E-B27C-EB78CC86B6DF}.Release|Any CPU.ActiveCfg = Release|Any CPU
		{93EDF606-E238-490E-B27C-EB78CC86B6DF}.Release|Any CPU.Build.0 = Release|Any CPU
		{0854E064-C0F8-4325-902D-158023AC3020}.Debug|Any CPU.ActiveCfg = Debug|Any CPU
		{0854E064-C0F8-4325-902D-158023AC3020}.Debug|Any CPU.Build.0 = Debug|Any CPU
		{0854E064-C0F8-4325-902D-158023AC3020}.Release|Any CPU.ActiveCfg = Debug|Any CPU
		{0854E064-C0F8-4325-902D-158023AC3020}.Release|Any CPU.Build.0 = Debug|Any CPU
		{C9783756-8457-49E4-ABA4-9B67ADE13BE7}.Debug|Any CPU.ActiveCfg = Debug|Any CPU
		{C9783756-8457-49E4-ABA4-9B67ADE13BE7}.Debug|Any CPU.Build.0 = Debug|Any CPU
		{C9783756-8457-49E4-ABA4-9B67ADE13BE7}.Release|Any CPU.ActiveCfg = Release|Any CPU
		{C9783756-8457-49E4-ABA4-9B67ADE13BE7}.Release|Any CPU.Build.0 = Release|Any CPU
		{2F745A8F-F1C0-4573-8D38-0A02F7F62A58}.Debug|Any CPU.ActiveCfg = Debug|Any CPU
		{2F745A8F-F1C0-4573-8D38-0A02F7F62A58}.Debug|Any CPU.Build.0 = Debug|Any CPU
		{2F745A8F-F1C0-4573-8D38-0A02F7F62A58}.Release|Any CPU.ActiveCfg = Release|Any CPU
		{2F745A8F-F1C0-4573-8D38-0A02F7F62A58}.Release|Any CPU.Build.0 = Release|Any CPU
	EndGlobalSection
	GlobalSection(SolutionProperties) = preSolution
		HideSolutionNode = FALSE
	EndGlobalSection
	GlobalSection(ExtensibilityGlobals) = postSolution
		SolutionGuid = {08D5CED1-DF27-4ED0-9752-6F471590AAE7}
	EndGlobalSection
EndGlobal
